
Microsoft Visual Studio Solution File, Format Version 12.00
# Visual Studio Version 16
VisualStudioVersion = 16.0.31205.134
MinimumVisualStudioVersion = 10.0.40219.1
Project("{FAE04EC0-301F-11D3-BF4B-00C04F79EFBC}") = "AvallonWeb", "AvallonWeb\AvallonWeb.csproj", "{90D5A017-591C-409B-A597-2BB6739EE488}"
EndProject
Global
	GlobalSection(SolutionConfigurationPlatforms) = preSolution
		Debug|Any CPU = Debug|Any CPU
		Release|Any CPU = Release|Any CPU
	EndGlobalSection
	GlobalSection(ProjectConfigurationPlatforms) = postSolution
		{90D5A017-591C-409B-A597-2BB6739EE488}.Debug|Any CPU.ActiveCfg = Debug|Any CPU
		{90D5A017-591C-409B-A597-2BB6739EE488}.Debug|Any CPU.Build.0 = Debug|Any CPU
		{90D5A017-591C-409B-A597-2BB6739EE488}.Release|Any CPU.ActiveCfg = Release|Any CPU
		{90D5A017-591C-409B-A597-2BB6739EE488}.Release|Any CPU.Build.0 = Release|Any CPU
	EndGlobalSection
	GlobalSection(SolutionProperties) = preSolution
		HideSolutionNode = FALSE
	EndGlobalSection
	GlobalSection(ExtensibilityGlobals) = postSolution
		SolutionGuid = {5CD404C6-53F9-493B-B6E7-A9AB3F6B25C8}
	EndGlobalSection
EndGlobal
