
Microsoft Visual Studio Solution File, Format Version 12.00
# Visual Studio Version 16
VisualStudioVersion = 16.0.31205.134
MinimumVisualStudioVersion = 10.0.40219.1
Project("{FAE04EC0-301F-11D3-BF4B-00C04F79EFBC}") = "ActionControls", "ActionControls\ActionControls.csproj", "{F1392B13-1D25-448B-A0C1-2F768C379DCC}"
EndProject
Global
	GlobalSection(SolutionConfigurationPlatforms) = preSolution
		Debug|Any CPU = Debug|Any CPU
		Release|Any CPU = Release|Any CPU
	EndGlobalSection
	GlobalSection(ProjectConfigurationPlatforms) = postSolution
		{F1392B13-1D25-448B-A0C1-2F768C379DCC}.Debug|Any CPU.ActiveCfg = Debug|Any CPU
		{F1392B13-1D25-448B-A0C1-2F768C379DCC}.Debug|Any CPU.Build.0 = Debug|Any CPU
		{F1392B13-1D25-448B-A0C1-2F768C379DCC}.Release|Any CPU.ActiveCfg = Release|Any CPU
		{F1392B13-1D25-448B-A0C1-2F768C379DCC}.Release|Any CPU.Build.0 = Release|Any CPU
	EndGlobalSection
	GlobalSection(SolutionProperties) = preSolution
		HideSolutionNode = FALSE
	EndGlobalSection
	GlobalSection(ExtensibilityGlobals) = postSolution
		SolutionGuid = {A93E4148-0B65-4D24-B2DF-EDD780BDC40E}
	EndGlobalSection
EndGlobal
