
Microsoft Visual Studio Solution File, Format Version 12.00
# Visual Studio Version 16
VisualStudioVersion = 16.0.31205.134
MinimumVisualStudioVersion = 10.0.40219.1
Project("{E24C65DC-7377-472B-9ABA-BC803B73C61A}") = "WCFServiceSample", "WCFServiceSample\", "{3683028F-F6EC-401E-BFF4-E468E6E88004}"
	ProjectSection(WebsiteProperties) = preProject
		TargetFrameworkMoniker = ".NETFramework,Version%3Dv4.7.2"
		Debug.AspNetCompiler.VirtualPath = "/localhost_55912"
		Debug.AspNetCompiler.PhysicalPath = "WCFServiceSample\"
		Debug.AspNetCompiler.TargetPath = "PrecompiledWeb\localhost_55912\"
		Debug.AspNetCompiler.Updateable = "true"
		Debug.AspNetCompiler.ForceOverwrite = "true"
		Debug.AspNetCompiler.FixedNames = "false"
		Debug.AspNetCompiler.Debug = "True"
		Release.AspNetCompiler.VirtualPath = "/localhost_55912"
		Release.AspNetCompiler.PhysicalPath = "WCFServiceSample\"
		Release.AspNetCompiler.TargetPath = "PrecompiledWeb\localhost_55912\"
		Release.AspNetCompiler.Updateable = "true"
		Release.AspNetCompiler.ForceOverwrite = "true"
		Release.AspNetCompiler.FixedNames = "false"
		Release.AspNetCompiler.Debug = "False"
		VWDPort = "55912"
		SlnRelativePath = "WCFServiceSample\"
		DefaultWebSiteLanguage = "Visual C#"
	EndProjectSection
EndProject
Global
	GlobalSection(SolutionConfigurationPlatforms) = preSolution
		Debug|Any CPU = Debug|Any CPU
	EndGlobalSection
	GlobalSection(ProjectConfigurationPlatforms) = postSolution
		{3683028F-F6EC-401E-BFF4-E468E6E88004}.Debug|Any CPU.ActiveCfg = Debug|Any CPU
		{3683028F-F6EC-401E-BFF4-E468E6E88004}.Debug|Any CPU.Build.0 = Debug|Any CPU
	EndGlobalSection
	GlobalSection(SolutionProperties) = preSolution
		HideSolutionNode = FALSE
	EndGlobalSection
	GlobalSection(ExtensibilityGlobals) = postSolution
		SolutionGuid = {842B6F46-5CC2-4419-B6F5-464DB4F5F121}
	EndGlobalSection
EndGlobal
