
Microsoft Visual Studio Solution File, Format Version 12.00
# Visual Studio Version 16
VisualStudioVersion = 16.0.31205.134
MinimumVisualStudioVersion = 10.0.40219.1
Project("{FAE04EC0-301F-11D3-BF4B-00C04F79EFBC}") = "BlankAspDotNet", "BlankAspDotNet\BlankAspDotNet.csproj", "{2BE0A3E9-AD35-4E0A-9BCE-62ED5D6176B9}"
EndProject
Global
	GlobalSection(SolutionConfigurationPlatforms) = preSolution
		Debug|Any CPU = Debug|Any CPU
		Release|Any CPU = Release|Any CPU
	EndGlobalSection
	GlobalSection(ProjectConfigurationPlatforms) = postSolution
		{2BE0A3E9-AD35-4E0A-9BCE-62ED5D6176B9}.Debug|Any CPU.ActiveCfg = Debug|Any CPU
		{2BE0A3E9-AD35-4E0A-9BCE-62ED5D6176B9}.Debug|Any CPU.Build.0 = Debug|Any CPU
		{2BE0A3E9-AD35-4E0A-9BCE-62ED5D6176B9}.Release|Any CPU.ActiveCfg = Release|Any CPU
		{2BE0A3E9-AD35-4E0A-9BCE-62ED5D6176B9}.Release|Any CPU.Build.0 = Release|Any CPU
	EndGlobalSection
	GlobalSection(SolutionProperties) = preSolution
		HideSolutionNode = FALSE
	EndGlobalSection
	GlobalSection(ExtensibilityGlobals) = postSolution
		SolutionGuid = {C3132287-795E-4478-9E09-F28CDC569628}
	EndGlobalSection
EndGlobal
